<Project xmlns="http://schemas.microsoft.com/developer/msbuild/2003">
    <PropertyGroup>
        <ProjectGuid>{AB98DA0A-A038-4F1F-B818-5755887CF917}</ProjectGuid>
        <ProjectVersion>14.4</ProjectVersion>
        <FrameworkType>VCL</FrameworkType>
        <MainSource>labVenda.dpr</MainSource>
        <Base>True</Base>
        <Config Condition="'$(Config)'==''">Debug</Config>
        <Platform Condition="'$(Platform)'==''">Win32</Platform>
        <TargetedPlatforms>1</TargetedPlatforms>
        <AppType>Application</AppType>
    </PropertyGroup>
    <PropertyGroup Condition="'$(Config)'=='Base' or '$(Base)'!=''">
        <Base>true</Base>
    </PropertyGroup>
    <PropertyGroup Condition="('$(Platform)'=='Win32' and '$(Base)'=='true') or '$(Base_Win32)'!=''">
        <Base_Win32>true</Base_Win32>
        <CfgParent>Base</CfgParent>
        <Base>true</Base>
    </PropertyGroup>
    <PropertyGroup Condition="('$(Platform)'=='Win64' and '$(Base)'=='true') or '$(Base_Win64)'!=''">
        <Base_Win64>true</Base_Win64>
        <CfgParent>Base</CfgParent>
        <Base>true</Base>
    </PropertyGroup>
    <PropertyGroup Condition="'$(Config)'=='Debug' or '$(Cfg_1)'!=''">
        <Cfg_1>true</Cfg_1>
        <CfgParent>Base</CfgParent>
        <Base>true</Base>
    </PropertyGroup>
    <PropertyGroup Condition="('$(Platform)'=='Win32' and '$(Cfg_1)'=='true') or '$(Cfg_1_Win32)'!=''">
        <Cfg_1_Win32>true</Cfg_1_Win32>
        <CfgParent>Cfg_1</CfgParent>
        <Cfg_1>true</Cfg_1>
        <Base>true</Base>
    </PropertyGroup>
    <PropertyGroup Condition="'$(Config)'=='Release' or '$(Cfg_2)'!=''">
        <Cfg_2>true</Cfg_2>
        <CfgParent>Base</CfgParent>
        <Base>true</Base>
    </PropertyGroup>
    <PropertyGroup Condition="'$(Base)'!=''">
        <Icon_MainIcon>$(BDS)\bin\delphi_PROJECTICON.ico</Icon_MainIcon>
        <DCC_Namespace>System;Xml;Data;Datasnap;Web;Soap;Vcl;Vcl.Imaging;Vcl.Touch;Vcl.Samples;Vcl.Shell;$(DCC_Namespace)</DCC_Namespace>
        <DCC_DcuOutput>.\$(Platform)\$(Config)</DCC_DcuOutput>
        <DCC_ExeOutput>.\$(Platform)\$(Config)</DCC_ExeOutput>
        <DCC_E>false</DCC_E>
        <DCC_N>false</DCC_N>
        <DCC_S>false</DCC_S>
        <DCC_F>false</DCC_F>
        <DCC_K>false</DCC_K>
    </PropertyGroup>
    <PropertyGroup Condition="'$(Base_Win32)'!=''">
        <DCC_UsePackage>CEF4Delphi;JvGlobus;JvMM;ACBr_BoletoFR;JvManagedThreads;tmsexdxe3;FlexCel_Core;dac170;ACBr_BoletoRL;ACBr_GNRE;JvCrypt;ACBr_NFeDanfeFR;DBXInterBaseDriver;DataSnapServer;DataSnapCommon;ACBre_Social;ACBr_BlocoX;JvNet;officeXPrt;JvDotNetCtrls;DbxCommonDriver;VCL_FlexCel_Components;vclimg;ACBr_NF3e;dbxcds;ACBr_Comum;DatasnapConnectorsFreePascal;frxIBX17;ACBr_GTIN;JvXPCtrls;SVGIconImageList;vcldb;ACBr_OpenDelivery;ACBr_MDFeDamdfeRL;ACBr_SATExtratoESCPOS;ACBr_PagFor;ACBr_GNREGuiaRL;CustomIPTransport;dsnap;IndyIPServer;WebChart;unidac170;IndyCore;ACBr_MDFe;CloudService;FMX_FlexCel_Core;AnyDAC_PhysDb2_D17;frxDB17;ACBr_SAT;ipstudiowinwordxp;JvDB;JvRuntimeDesign;ACBr_CTeDacteFR;ACBr_Ponto;unidacfmx170;JclDeveloperTools;ACBR_DeSTDA;ACBr_BoletoFPDF;TeeGL917;fs17;ACBr_SEF2;frxTee17;bindcompfmx;ACBr_PAF;vcldbx;fsTee17;dbrtl;ACBr_PAFNFCe;bindcomp;inetdb;JvPluginSystem;ACBr_NFe;DBXOdbcDriver;vquery170;JvCmp;JvTimeFramework;xmlrtl;ibxpress;Hcn698;tmsdxe3;Uxie;vclactnband;bindengine;soaprtl;FlexCel_Pdf;TeeQR917;fsADO17;bindcompvcl;ACBr_BPe;ACBr_CTeDacteRL;ContimaticTour;vclie;frxADO17;SVGImage32Package;Jcl;aurelius;ACBr_TEFD;ACBr_Integrador;AnyDAC_PhysADS_D17;EmbeddedWebBrowser_XE3;AnyDAC_PhysIB_D17;vclZipForged17;DBXInformixDriver;Intraweb;ACBr_SATExtratoRL;ipstudiowinclient;dsnapcon;DBXFirebirdDriver;ACBr_NFSeXDanfseRL;inet;fsDB17;JvPascalInterpreter;ACBr_SATExtratoFR;vclx;ACBr_SPEDImportar;DBXSybaseASADriver;tmsxlsdxe3;FlexCel_XlsAdapter;crcontrols170;btrinfop;dbexpress;EurekaLogCore;IndyIPClient;JvBDE;ACBr_Convenio115;AnyDAC_PhysMySQL_D17;ACBr_OFX;ACBr_LCDPR;DBXSqliteDriver;ACBr_EDI;fmx;ACBr_Diversos;IndySystem;JvDlgs;FlexCel_Report;ACBr_CIOT;vclib;inetdbbde;DataSnapClient;ACBr_NFeDanfeESCPOS;BTRTITAN;DataSnapProviderClient;DBXSybaseASEDriver;ACBr_MDFeDamdfeFR;AnyDAC_PhysMSAcc_D17;RtmRxBDE170;MetropolisUILiveTile;AnyDAC_PhysSQLITE_D17;BSETITAN;fsBDE17;TeeUI917;ACBr_BPeDabpeESCPOS;ACBr_ONE;ACBr_NFSeDanfseFR;vcldsnap;dacvcl170;DBXDb2Driver;frce;AnyDAC_ComI_D17;DBXOracleDriver;AnyDAC_PhysMSSQL_D17;JvCore;AnyDAC_Comp_D17;vclribbon;TeeDB917;TPDF;ACBr_Serial;ACBr_SPED;AnyDAC_PhysODBC_D17;fmxase;vcl;TeeLanguage917;ACBr_DebitoAutomatico;AnyDAC_PhysPg_D17;IndyIPCommon;DBXMSSQLDriver;ACBr_NFSeDanfseRL;CodeSiteExpressPkg;ACBr_NF3eDANF3eESCPOS;ACBr_Boleto;tmswizdxe3;ACBr_Sintegra;JvAppFrm;fsIBX17;AnyDAC_PhysASA_D17;inetdbxpress;webdsnap;ACBr_NFSe;ACBr_LFD;AnyDAC_PhysOracle_D17;PhoenixTitan;JvDocking;adortl;TeeTree2D17Tee9;JvWizards;ACBr_TCP;RtmRxCtl170;frx17;JvHMI;TeeMaker117;AnyDAC_GUIxForms_D17;frxDBX17;ACBr_NFSeX;JvBands;rtl;DbxClientDriver;AnyDAC_PhysTDBX_D17;ACBr_MTER;JclContainers;ACBr_GNREGuiaFR;ACBr_CTe;TeePro917;ACBr_ANe;FlexCel_Render;CoolTrayIcon_XE3;dclZipForged17;ACBr_NFCeECFVirtual;svnui;JvSystem;JvControls;ACBr_NFeDanfeRL;IndyProtocols;DBXMySQLDriver;bindcompdbx;JvJans;VCL_FlexCel_Core;JvPageComps;JvPrintPreview;JvStdCtrls;JvCustom;ACBr_OpenSSL;FMX_FlexCel_Components;MenuTreeView;vcltouch;Phoenix;ACBr_Reinf;websnap;ACBr_ADRCST;ACBr_SATWS;VclSmp;ACBr_NFSeXDANFSeFR;ACBr_PIXCD;DataSnapConnectors;QExport4RT_D17;ACBr_SATECFVirtual;AnyDAC_Phys_D17;dacfmx170;fmxobj;JclVcl;unidacvcl170;frxe17;svn;fmxdae;TeeImage917;bdertl;frxBDE17;Tee917;tmsbcl;DataSnapIndy10ServerTransport;RtmRxDB170;ACBr_NFeDanfeFPDF;$(DCC_UsePackage)</DCC_UsePackage>
        <Manifest_File>$(BDS)\bin\default_app.manifest</Manifest_File>
        <DCC_Namespace>Winapi;System.Win;Data.Win;Datasnap.Win;Web.Win;Soap.Win;Xml.Win;Bde;$(DCC_Namespace)</DCC_Namespace>
        <VerInfo_Keys>CompanyName=;FileDescription=;FileVersion=1.0.0.0;InternalName=;LegalCopyright=;LegalTrademarks=;OriginalFilename=;ProductName=;ProductVersion=1.0.0.0;Comments=</VerInfo_Keys>
        <VerInfo_Locale>1033</VerInfo_Locale>
        <VerInfo_IncludeVerInfo>true</VerInfo_IncludeVerInfo>
    </PropertyGroup>
    <PropertyGroup Condition="'$(Base_Win64)'!=''">
        <DCC_UsePackage>CEF4Delphi;tmsexdxe3;FlexCel_Core;DBXInterBaseDriver;DataSnapServer;DataSnapCommon;officeXPrt;DbxCommonDriver;VCL_FlexCel_Components;vclimg;dbxcds;DatasnapConnectorsFreePascal;SVGIconImageList;vcldb;CustomIPTransport;dsnap;IndyIPServer;IndyCore;CloudService;FMX_FlexCel_Core;AnyDAC_PhysDb2_D17;bindcompfmx;dbrtl;bindcomp;inetdb;DBXOdbcDriver;xmlrtl;ibxpress;tmsdxe3;vclactnband;bindengine;soaprtl;FlexCel_Pdf;bindcompvcl;vclie;SVGImage32Package;aurelius;AnyDAC_PhysADS_D17;AnyDAC_PhysIB_D17;DBXInformixDriver;Intraweb;ipstudiowinclient;dsnapcon;DBXFirebirdDriver;inet;vclx;DBXSybaseASADriver;tmsxlsdxe3;FlexCel_XlsAdapter;dbexpress;IndyIPClient;AnyDAC_PhysMySQL_D17;DBXSqliteDriver;fmx;IndySystem;FlexCel_Report;vclib;DataSnapClient;DataSnapProviderClient;DBXSybaseASEDriver;AnyDAC_PhysMSAcc_D17;MetropolisUILiveTile;AnyDAC_PhysSQLITE_D17;vcldsnap;DBXDb2Driver;AnyDAC_ComI_D17;DBXOracleDriver;AnyDAC_PhysMSSQL_D17;AnyDAC_Comp_D17;vclribbon;AnyDAC_PhysODBC_D17;fmxase;vcl;AnyDAC_PhysPg_D17;IndyIPCommon;DBXMSSQLDriver;AnyDAC_PhysASA_D17;inetdbxpress;webdsnap;AnyDAC_PhysOracle_D17;adortl;AnyDAC_GUIxForms_D17;rtl;DbxClientDriver;AnyDAC_PhysTDBX_D17;FlexCel_Render;CoolTrayIcon_XE3;JvControls;IndyProtocols;DBXMySQLDriver;bindcompdbx;VCL_FlexCel_Core;FMX_FlexCel_Components;vcltouch;websnap;VclSmp;DataSnapConnectors;AnyDAC_Phys_D17;fmxobj;fmxdae;tmsbcl;DataSnapIndy10ServerTransport;$(DCC_UsePackage)</DCC_UsePackage>
    </PropertyGroup>
    <PropertyGroup Condition="'$(Cfg_1)'!=''">
        <DCC_Define>DEBUG;$(DCC_Define)</DCC_Define>
        <DCC_DebugDCUs>true</DCC_DebugDCUs>
        <DCC_Optimize>false</DCC_Optimize>
        <DCC_GenerateStackFrames>true</DCC_GenerateStackFrames>
        <DCC_DebugInfoInExe>true</DCC_DebugInfoInExe>
        <DCC_RemoteDebug>true</DCC_RemoteDebug>
    </PropertyGroup>
    <PropertyGroup Condition="'$(Cfg_1_Win32)'!=''">
        <DCC_RemoteDebug>false</DCC_RemoteDebug>
    </PropertyGroup>
    <PropertyGroup Condition="'$(Cfg_2)'!=''">
        <DCC_LocalDebugSymbols>false</DCC_LocalDebugSymbols>
        <DCC_Define>RELEASE;$(DCC_Define)</DCC_Define>
        <DCC_SymbolReferenceInfo>0</DCC_SymbolReferenceInfo>
        <DCC_DebugInformation>false</DCC_DebugInformation>
    </PropertyGroup>
    <ItemGroup>
        <DelphiCompile Include="$(MainSource)">
            <MainSource>MainSource</MainSource>
        </DelphiCompile>
        <DCCReference Include="..\src\interfaces\interfaces.cidade.pas"/>
        <DCCReference Include="..\src\interfaces\interfaces.cliente.pas"/>
        <DCCReference Include="..\src\interfaces\interfaces.item.pas"/>
        <DCCReference Include="..\src\interfaces\interfaces.pedido.pas"/>
        <DCCReference Include="..\src\interfaces\interfaces.produto.pas"/>
        <DCCReference Include="..\src\entidade\entidade.produto.pas"/>
        <DCCReference Include="..\src\entidade\entidade.cliente.pas"/>
        <DCCReference Include="..\src\entidade\entidade.cidade.pas"/>
        <DCCReference Include="..\src\entidade\entidade.pedido.pas"/>
        <DCCReference Include="..\src\entidade\entidade.item.pas"/>
        <DCCReference Include="..\src\service\service.produto.pas"/>
        <DCCReference Include="..\src\service\service.cliente.pas"/>
        <DCCReference Include="..\src\service\service.cidade.pas"/>
        <DCCReference Include="..\src\service\service.pedido.pas"/>
        <DCCReference Include="..\src\service\service.item.pas"/>
        <DCCReference Include="..\src\view\view.principal.pas">
            <Form>frmPrincipal</Form>
            <FormType>dfm</FormType>
        </DCCReference>
        <DCCReference Include="..\src\view\cliente\view.cliente.consulta.pas">
            <Form>frmConsultaCliente</Form>
            <FormType>dfm</FormType>
        </DCCReference>
        <DCCReference Include="..\src\view\cliente\view.cliente.cadastro.pas">
            <Form>frmCadastroclliente</Form>
            <FormType>dfm</FormType>
        </DCCReference>
        <DCCReference Include="..\src\view\cidade\view.cidade.consulta.pas">
            <Form>frmConsultaCidade</Form>
            <FormType>dfm</FormType>
        </DCCReference>
        <DCCReference Include="..\src\view\cidade\view.cidade.cadastro.pas">
            <Form>frmCadastroCidade</Form>
            <FormType>dfm</FormType>
        </DCCReference>
        <BuildConfiguration Include="Release">
            <Key>Cfg_2</Key>
            <CfgParent>Base</CfgParent>
        </BuildConfiguration>
        <BuildConfiguration Include="Base">
            <Key>Base</Key>
        </BuildConfiguration>
        <BuildConfiguration Include="Debug">
            <Key>Cfg_1</Key>
            <CfgParent>Base</CfgParent>
        </BuildConfiguration>
    </ItemGroup>
    <ProjectExtensions>
        <Borland.Personality>Delphi.Personality.12</Borland.Personality>
        <Borland.ProjectType/>
        <BorlandProject>
            <Delphi.Personality>
                <VersionInfo>
                    <VersionInfo Name="IncludeVerInfo">False</VersionInfo>
                    <VersionInfo Name="AutoIncBuild">False</VersionInfo>
                    <VersionInfo Name="MajorVer">1</VersionInfo>
                    <VersionInfo Name="MinorVer">0</VersionInfo>
                    <VersionInfo Name="Release">0</VersionInfo>
                    <VersionInfo Name="Build">0</VersionInfo>
                    <VersionInfo Name="Debug">False</VersionInfo>
                    <VersionInfo Name="PreRelease">False</VersionInfo>
                    <VersionInfo Name="Special">False</VersionInfo>
                    <VersionInfo Name="Private">False</VersionInfo>
                    <VersionInfo Name="DLL">False</VersionInfo>
                    <VersionInfo Name="Locale">1046</VersionInfo>
                    <VersionInfo Name="CodePage">1252</VersionInfo>
                </VersionInfo>
                <VersionInfoKeys>
                    <VersionInfoKeys Name="CompanyName"/>
                    <VersionInfoKeys Name="FileDescription"/>
                    <VersionInfoKeys Name="FileVersion">1.0.0.0</VersionInfoKeys>
                    <VersionInfoKeys Name="InternalName"/>
                    <VersionInfoKeys Name="LegalCopyright"/>
                    <VersionInfoKeys Name="LegalTrademarks"/>
                    <VersionInfoKeys Name="OriginalFilename"/>
                    <VersionInfoKeys Name="ProductName"/>
                    <VersionInfoKeys Name="ProductVersion">1.0.0.0</VersionInfoKeys>
                    <VersionInfoKeys Name="Comments"/>
                    <VersionInfoKeys Name="CFBundleName"/>
                    <VersionInfoKeys Name="CFBundleDisplayName"/>
                    <VersionInfoKeys Name="CFBundleIdentifier"/>
                    <VersionInfoKeys Name="CFBundleVersion"/>
                    <VersionInfoKeys Name="CFBundlePackageType"/>
                    <VersionInfoKeys Name="CFBundleSignature"/>
                    <VersionInfoKeys Name="CFBundleAllowMixedLocalizations"/>
                    <VersionInfoKeys Name="CFBundleExecutable"/>
                </VersionInfoKeys>
                <Source>
                    <Source Name="MainSource">labVenda.dpr</Source>
                </Source>
            </Delphi.Personality>
            <Deployment/>
            <Platforms>
                <Platform value="Win32">True</Platform>
                <Platform value="Win64">False</Platform>
            </Platforms>
        </BorlandProject>
        <ProjectFileVersion>12</ProjectFileVersion>
    </ProjectExtensions>
    <Import Project="$(BDS)\Bin\CodeGear.Delphi.Targets" Condition="Exists('$(BDS)\Bin\CodeGear.Delphi.Targets')"/>
    <Import Project="$(APPDATA)\Embarcadero\$(BDSAPPDATABASEDIR)\$(PRODUCTVERSION)\UserTools.proj" Condition="Exists('$(APPDATA)\Embarcadero\$(BDSAPPDATABASEDIR)\$(PRODUCTVERSION)\UserTools.proj')"/>
</Project>
